<Solution>
  <Project Path="Salon.Api/Salon.Api.csproj" />
  <Project Path="Salon.Domain/Salon.Domain.csproj" />
  <Project Path="Salon.Postgres/Salon.Postgres.csproj" />
  <Project Path="Salon.Repositories/Salon.Repositories.csproj" />
  <Project Path="Salon.Services/Salon.Services.csproj" />
  <Project Path="Salon.Tests/Salon.Tests.csproj" />
</Solution>
